
Microsoft Visual Studio Solution File, Format Version 12.00
# Visual Studio Version 17
VisualStudioVersion = 17.5.33627.172
MinimumVisualStudioVersion = 10.0.40219.1
Project("{9A19103F-16F7-4668-BE54-9A1E7A4F7556}") = "XFAddonHasher", "App\XFAddonHasher.csproj", "{9D7EE27B-9250-4915-9302-42CC73A48AEA}"
EndProject
Project("{2150E333-8FDC-42A3-9474-1A3956D46DE8}") = "Solution Items", "Solution Items", "{2AAFBE53-48ED-48FB-B169-6A5A04FDBD80}"
	ProjectSection(SolutionItems) = preProject
		.editorconfig = .editorconfig
		.gitignore = .gitignore
		LICENSE = LICENSE
		PUBLISH.bat = PUBLISH.bat
		README.md = README.md
	EndProjectSection
EndProject
Global
	GlobalSection(SolutionConfigurationPlatforms) = preSolution
		Debug|Any CPU = Debug|Any CPU
		Release|Any CPU = Release|Any CPU
	EndGlobalSection
	GlobalSection(ProjectConfigurationPlatforms) = postSolution
		{9D7EE27B-9250-4915-9302-42CC73A48AEA}.Debug|Any CPU.ActiveCfg = Debug|Any CPU
		{9D7EE27B-9250-4915-9302-42CC73A48AEA}.Debug|Any CPU.Build.0 = Debug|Any CPU
		{9D7EE27B-9250-4915-9302-42CC73A48AEA}.Release|Any CPU.ActiveCfg = Release|Any CPU
		{9D7EE27B-9250-4915-9302-42CC73A48AEA}.Release|Any CPU.Build.0 = Release|Any CPU
	EndGlobalSection
	GlobalSection(SolutionProperties) = preSolution
		HideSolutionNode = FALSE
	EndGlobalSection
	GlobalSection(ExtensibilityGlobals) = postSolution
		SolutionGuid = {0EAD92DF-09E4-44EE-8B84-75BA5BD6DBDF}
	EndGlobalSection
EndGlobal
